{
  "name": "nepali-patro",
  "version": "2.1.0",
  "lockfileVersion": 3,
  "requires": true,
  "packages": {
    "": {
      "name": "nepali-patro",
      "version": "2.1.0",
      "dependencies": {
        "nepali-calendar-panchang": "1.0.2"
      }
    },
    "node_modules/nepali-calendar-panchang": {
      "version": "1.0.2",
      "resolved": "https://registry.npmjs.org/nepali-calendar-panchang/-/nepali-calendar-panchang-1.0.2.tgz",
      "integrity": "sha512-6M52j02bs9gMhh7xJVjQOBe9ivo7VoulMDzuimH/at7uWEV97xH9sO38z/ocukKPrE7Dxe8SEVW6Bff3Yyb6jg==",
      "license": "MIT",
      "engines": {
        "node": ">=16"
      }
    }
  }
}
